
Microsoft Visual Studio Solution File, Format Version 12.00
# Visual Studio Version 17
VisualStudioVersion = 17.1.32421.90
MinimumVisualStudioVersion = 10.0.40219.1
Project("{FAE04EC0-301F-11D3-BF4B-00C04F79EFBC}") = "PsLinedFile", "PsLinedFile\PsLinedFile.csproj", "{7379F597-D934-473D-A215-40545FA8793F}"
EndProject
Project("{FAE04EC0-301F-11D3-BF4B-00C04F79EFBC}") = "FileHelpers", "FileHelpers\FileHelpers.csproj", "{B4439162-A1B7-4CCD-9E45-5D8FFBDB2DEE}"
EndProject
Project("{FAE04EC0-301F-11D3-BF4B-00C04F79EFBC}") = "PsExcelData", "PsExcelData\PsExcelData.csproj", "{D5063180-1457-4FB2-BC2B-6693E5192CFC}"
EndProject
Project("{FAE04EC0-301F-11D3-BF4B-00C04F79EFBC}") = "PsCsv", "PsCsv\PsCsv.csproj", "{C110546E-93B9-4BED-BF6B-B3314F4D95F6}"
EndProject
Project("{2150E333-8FDC-42A3-9474-1A3956D46DE8}") = "Powershell", "Powershell", "{E79432AC-C13E-4980-897E-E6C8783BAF5E}"
EndProject
Project("{2150E333-8FDC-42A3-9474-1A3956D46DE8}") = "Library", "Library", "{2FD7C8E6-532F-4F5D-AA3B-86EDBA0D18C3}"
EndProject
Project("{2150E333-8FDC-42A3-9474-1A3956D46DE8}") = "Test", "Test", "{A7A9365C-EB98-4227-A76A-8B0D4A43572B}"
EndProject
Project("{FAE04EC0-301F-11D3-BF4B-00C04F79EFBC}") = "FileHelpersTests", "FileHelpersTests\FileHelpersTests.csproj", "{8C97E9AD-1C30-4871-8A7B-2C3B24C3F797}"
EndProject
Global
	GlobalSection(SolutionConfigurationPlatforms) = preSolution
		Debug|Any CPU = Debug|Any CPU
		Release|Any CPU = Release|Any CPU
	EndGlobalSection
	GlobalSection(ProjectConfigurationPlatforms) = postSolution
		{7379F597-D934-473D-A215-40545FA8793F}.Debug|Any CPU.ActiveCfg = Debug|Any CPU
		{7379F597-D934-473D-A215-40545FA8793F}.Debug|Any CPU.Build.0 = Debug|Any CPU
		{7379F597-D934-473D-A215-40545FA8793F}.Release|Any CPU.ActiveCfg = Release|Any CPU
		{7379F597-D934-473D-A215-40545FA8793F}.Release|Any CPU.Build.0 = Release|Any CPU
		{B4439162-A1B7-4CCD-9E45-5D8FFBDB2DEE}.Debug|Any CPU.ActiveCfg = Debug|Any CPU
		{B4439162-A1B7-4CCD-9E45-5D8FFBDB2DEE}.Debug|Any CPU.Build.0 = Debug|Any CPU
		{B4439162-A1B7-4CCD-9E45-5D8FFBDB2DEE}.Release|Any CPU.ActiveCfg = Release|Any CPU
		{B4439162-A1B7-4CCD-9E45-5D8FFBDB2DEE}.Release|Any CPU.Build.0 = Release|Any CPU
		{D5063180-1457-4FB2-BC2B-6693E5192CFC}.Debug|Any CPU.ActiveCfg = Debug|Any CPU
		{D5063180-1457-4FB2-BC2B-6693E5192CFC}.Debug|Any CPU.Build.0 = Debug|Any CPU
		{D5063180-1457-4FB2-BC2B-6693E5192CFC}.Release|Any CPU.ActiveCfg = Release|Any CPU
		{D5063180-1457-4FB2-BC2B-6693E5192CFC}.Release|Any CPU.Build.0 = Release|Any CPU
		{C110546E-93B9-4BED-BF6B-B3314F4D95F6}.Debug|Any CPU.ActiveCfg = Debug|Any CPU
		{C110546E-93B9-4BED-BF6B-B3314F4D95F6}.Debug|Any CPU.Build.0 = Debug|Any CPU
		{C110546E-93B9-4BED-BF6B-B3314F4D95F6}.Release|Any CPU.ActiveCfg = Release|Any CPU
		{C110546E-93B9-4BED-BF6B-B3314F4D95F6}.Release|Any CPU.Build.0 = Release|Any CPU
		{8C97E9AD-1C30-4871-8A7B-2C3B24C3F797}.Debug|Any CPU.ActiveCfg = Debug|Any CPU
		{8C97E9AD-1C30-4871-8A7B-2C3B24C3F797}.Debug|Any CPU.Build.0 = Debug|Any CPU
		{8C97E9AD-1C30-4871-8A7B-2C3B24C3F797}.Release|Any CPU.ActiveCfg = Release|Any CPU
		{8C97E9AD-1C30-4871-8A7B-2C3B24C3F797}.Release|Any CPU.Build.0 = Release|Any CPU
	EndGlobalSection
	GlobalSection(SolutionProperties) = preSolution
		HideSolutionNode = FALSE
	EndGlobalSection
	GlobalSection(NestedProjects) = preSolution
		{7379F597-D934-473D-A215-40545FA8793F} = {E79432AC-C13E-4980-897E-E6C8783BAF5E}
		{B4439162-A1B7-4CCD-9E45-5D8FFBDB2DEE} = {2FD7C8E6-532F-4F5D-AA3B-86EDBA0D18C3}
		{D5063180-1457-4FB2-BC2B-6693E5192CFC} = {E79432AC-C13E-4980-897E-E6C8783BAF5E}
		{C110546E-93B9-4BED-BF6B-B3314F4D95F6} = {E79432AC-C13E-4980-897E-E6C8783BAF5E}
		{8C97E9AD-1C30-4871-8A7B-2C3B24C3F797} = {A7A9365C-EB98-4227-A76A-8B0D4A43572B}
	EndGlobalSection
	GlobalSection(ExtensibilityGlobals) = postSolution
		SolutionGuid = {690E279F-DD03-4EF1-ADFB-415C6035BEEC}
	EndGlobalSection
EndGlobal
